
Microsoft Visual Studio Solution File, Format Version 12.00
# Visual Studio Version 16
VisualStudioVersion = 16.0.31729.503
MinimumVisualStudioVersion = 10.0.40219.1
Project("{FAE04EC0-301F-11D3-BF4B-00C04F79EFBC}") = "csharp-data-structures-algorithms", "csharp-data-structures-algorithms\csharp-data-structures-algorithms.csproj", "{9497CD20-837C-47E7-BA7D-60914DC2EADE}"
EndProject
Project("{FAE04EC0-301F-11D3-BF4B-00C04F79EFBC}") = "csharp-data-structures-algorithms-test", "csharp-data-structures-algorithms-test\csharp-data-structures-algorithms-test.csproj", "{2632BB2A-30B5-474A-B860-BBDE9D442E0F}"
EndProject
Global
	GlobalSection(SolutionConfigurationPlatforms) = preSolution
		Debug|Any CPU = Debug|Any CPU
		Release|Any CPU = Release|Any CPU
	EndGlobalSection
	GlobalSection(ProjectConfigurationPlatforms) = postSolution
		{9497CD20-837C-47E7-BA7D-60914DC2EADE}.Debug|Any CPU.ActiveCfg = Debug|Any CPU
		{9497CD20-837C-47E7-BA7D-60914DC2EADE}.Debug|Any CPU.Build.0 = Debug|Any CPU
		{9497CD20-837C-47E7-BA7D-60914DC2EADE}.Release|Any CPU.ActiveCfg = Release|Any CPU
		{9497CD20-837C-47E7-BA7D-60914DC2EADE}.Release|Any CPU.Build.0 = Release|Any CPU
		{2632BB2A-30B5-474A-B860-BBDE9D442E0F}.Debug|Any CPU.ActiveCfg = Debug|Any CPU
		{2632BB2A-30B5-474A-B860-BBDE9D442E0F}.Debug|Any CPU.Build.0 = Debug|Any CPU
		{2632BB2A-30B5-474A-B860-BBDE9D442E0F}.Release|Any CPU.ActiveCfg = Release|Any CPU
		{2632BB2A-30B5-474A-B860-BBDE9D442E0F}.Release|Any CPU.Build.0 = Release|Any CPU
	EndGlobalSection
	GlobalSection(SolutionProperties) = preSolution
		HideSolutionNode = FALSE
	EndGlobalSection
	GlobalSection(ExtensibilityGlobals) = postSolution
		SolutionGuid = {1C72B5FD-9C34-4BB7-ABE7-C4E763E12115}
	EndGlobalSection
EndGlobal
